// !$*UTF8*$!
{
	archiveVersion = 1;
	classes = {
	};
	objectVersion = 56;
	objects = {

/* Begin PBXBuildFile section */
		9D30B34C2C9A89DF00475090 /* AppDelegate.m in Sources */ = {isa = PBXBuildFile; fileRef = 9D30B34B2C9A89DF00475090 /* AppDelegate.m */; };
		9D30B34F2C9A89DF00475090 /* SceneDelegate.m in Sources */ = {isa = PBXBuildFile; fileRef = 9D30B34E2C9A89DF00475090 /* SceneDelegate.m */; };
		9D30B3522C9A89DF00475090 /* ViewController.m in Sources */ = {isa = PBXBuildFile; fileRef = 9D30B3512C9A89DF00475090 /* ViewController.m */; };
		9D30B3552C9A89DF00475090 /* Main.storyboard in Resources */ = {isa = PBXBuildFile; fileRef = 9D30B3532C9A89DF00475090 /* Main.storyboard */; };
		9D30B3572C9A89E100475090 /* Assets.xcassets in Resources */ = {isa = PBXBuildFile; fileRef = 9D30B3562C9A89E100475090 /* Assets.xcassets */; };
		9D30B35A2C9A89E100475090 /* LaunchScreen.storyboard in Resources */ = {isa = PBXBuildFile; fileRef = 9D30B3582C9A89E100475090 /* LaunchScreen.storyboard */; };
		9D30B35D2C9A89E100475090 /* main.m in Sources */ = {isa = PBXBuildFile; fileRef = 9D30B35C2C9A89E100475090 /* main.m */; };
		9D30B3672C9A89E100475090 /* HSAzimuthButtonTests.m in Sources */ = {isa = PBXBuildFile; fileRef = 9D30B3662C9A89E100475090 /* HSAzimuthButtonTests.m */; };
		9D30B3712C9A89E100475090 /* HSAzimuthButtonUITests.m in Sources */ = {isa = PBXBuildFile; fileRef = 9D30B3702C9A89E100475090 /* HSAzimuthButtonUITests.m */; };
		9D30B3732C9A89E100475090 /* HSAzimuthButtonUITestsLaunchTests.m in Sources */ = {isa = PBXBuildFile; fileRef = 9D30B3722C9A89E100475090 /* HSAzimuthButtonUITestsLaunchTests.m */; };
		9D30B3822C9A8A9500475090 /* HSAzimuthButton.m in Sources */ = {isa = PBXBuildFile; fileRef = 9D30B3802C9A8A9500475090 /* HSAzimuthButton.m */; };
		E758913FEF39C329C0C074B5 /* Pods_HSAzimuthButton.framework in Frameworks */ = {isa = PBXBuildFile; fileRef = 95F8F680C858C83B75F01B80 /* Pods_HSAzimuthButton.framework */; };
/* End PBXBuildFile section */

/* Begin PBXContainerItemProxy section */
		9D30B3632C9A89E100475090 /* PBXContainerItemProxy */ = {
			isa = PBXContainerItemProxy;
			containerPortal = 9D30B33F2C9A89DF00475090 /* Project object */;
			proxyType = 1;
			remoteGlobalIDString = 9D30B3462C9A89DF00475090;
			remoteInfo = HSAzimuthButton;
		};
		9D30B36D2C9A89E100475090 /* PBXContainerItemProxy */ = {
			isa = PBXContainerItemProxy;
			containerPortal = 9D30B33F2C9A89DF00475090 /* Project object */;
			proxyType = 1;
			remoteGlobalIDString = 9D30B3462C9A89DF00475090;
			remoteInfo = HSAzimuthButton;
		};
/* End PBXContainerItemProxy section */

/* Begin PBXFileReference section */
		477D1C7B1E0435211C227DBC /* Pods-HSAzimuthButton.release.xcconfig */ = {isa = PBXFileReference; includeInIndex = 1; lastKnownFileType = text.xcconfig; name = "Pods-HSAzimuthButton.release.xcconfig"; path = "Target Support Files/Pods-HSAzimuthButton/Pods-HSAzimuthButton.release.xcconfig"; sourceTree = "<group>"; };
		61BB829DFF330769BC1B4651 /* Pods-HSAzimuthButton.debug.xcconfig */ = {isa = PBXFileReference; includeInIndex = 1; lastKnownFileType = text.xcconfig; name = "Pods-HSAzimuthButton.debug.xcconfig"; path = "Target Support Files/Pods-HSAzimuthButton/Pods-HSAzimuthButton.debug.xcconfig"; sourceTree = "<group>"; };
		95F8F680C858C83B75F01B80 /* Pods_HSAzimuthButton.framework */ = {isa = PBXFileReference; explicitFileType = wrapper.framework; includeInIndex = 0; path = Pods_HSAzimuthButton.framework; sourceTree = BUILT_PRODUCTS_DIR; };
		9D30B3472C9A89DF00475090 /* HSAzimuthButton.app */ = {isa = PBXFileReference; explicitFileType = wrapper.application; includeInIndex = 0; path = HSAzimuthButton.app; sourceTree = BUILT_PRODUCTS_DIR; };
		9D30B34A2C9A89DF00475090 /* AppDelegate.h */ = {isa = PBXFileReference; lastKnownFileType = sourcecode.c.h; path = AppDelegate.h; sourceTree = "<group>"; };
		9D30B34B2C9A89DF00475090 /* AppDelegate.m */ = {isa = PBXFileReference; lastKnownFileType = sourcecode.c.objc; path = AppDelegate.m; sourceTree = "<group>"; };
		9D30B34D2C9A89DF00475090 /* SceneDelegate.h */ = {isa = PBXFileReference; lastKnownFileType = sourcecode.c.h; path = SceneDelegate.h; sourceTree = "<group>"; };
		9D30B34E2C9A89DF00475090 /* SceneDelegate.m */ = {isa = PBXFileReference; lastKnownFileType = sourcecode.c.objc; path = SceneDelegate.m; sourceTree = "<group>"; };
		9D30B3502C9A89DF00475090 /* ViewController.h */ = {isa = PBXFileReference; lastKnownFileType = sourcecode.c.h; path = ViewController.h; sourceTree = "<group>"; };
		9D30B3512C9A89DF00475090 /* ViewController.m */ = {isa = PBXFileReference; lastKnownFileType = sourcecode.c.objc; path = ViewController.m; sourceTree = "<group>"; };
		9D30B3542C9A89DF00475090 /* Base */ = {isa = PBXFileReference; lastKnownFileType = file.storyboard; name = Base; path = Base.lproj/Main.storyboard; sourceTree = "<group>"; };
		9D30B3562C9A89E100475090 /* Assets.xcassets */ = {isa = PBXFileReference; lastKnownFileType = folder.assetcatalog; path = Assets.xcassets; sourceTree = "<group>"; };
		9D30B3592C9A89E100475090 /* Base */ = {isa = PBXFileReference; lastKnownFileType = file.storyboard; name = Base; path = Base.lproj/LaunchScreen.storyboard; sourceTree = "<group>"; };
		9D30B35B2C9A89E100475090 /* Info.plist */ = {isa = PBXFileReference; lastKnownFileType = text.plist.xml; path = Info.plist; sourceTree = "<group>"; };
		9D30B35C2C9A89E100475090 /* main.m */ = {isa = PBXFileReference; lastKnownFileType = sourcecode.c.objc; path = main.m; sourceTree = "<group>"; };
		9D30B3622C9A89E100475090 /* HSAzimuthButtonTests.xctest */ = {isa = PBXFileReference; explicitFileType = wrapper.cfbundle; includeInIndex = 0; path = HSAzimuthButtonTests.xctest; sourceTree = BUILT_PRODUCTS_DIR; };
		9D30B3662C9A89E100475090 /* HSAzimuthButtonTests.m */ = {isa = PBXFileReference; lastKnownFileType = sourcecode.c.objc; path = HSAzimuthButtonTests.m; sourceTree = "<group>"; };
		9D30B36C2C9A89E100475090 /* HSAzimuthButtonUITests.xctest */ = {isa = PBXFileReference; explicitFileType = wrapper.cfbundle; includeInIndex = 0; path = HSAzimuthButtonUITests.xctest; sourceTree = BUILT_PRODUCTS_DIR; };
		9D30B3702C9A89E100475090 /* HSAzimuthButtonUITests.m */ = {isa = PBXFileReference; lastKnownFileType = sourcecode.c.objc; path = HSAzimuthButtonUITests.m; sourceTree = "<group>"; };
		9D30B3722C9A89E100475090 /* HSAzimuthButtonUITestsLaunchTests.m */ = {isa = PBXFileReference; lastKnownFileType = sourcecode.c.objc; path = HSAzimuthButtonUITestsLaunchTests.m; sourceTree = "<group>"; };
		9D30B3802C9A8A9500475090 /* HSAzimuthButton.m */ = {isa = PBXFileReference; fileEncoding = 4; lastKnownFileType = sourcecode.c.objc; path = HSAzimuthButton.m; sourceTree = "<group>"; };
		9D30B3812C9A8A9500475090 /* HSAzimuthButton.h */ = {isa = PBXFileReference; fileEncoding = 4; lastKnownFileType = sourcecode.c.h; path = HSAzimuthButton.h; sourceTree = "<group>"; };
/* End PBXFileReference section */

/* Begin PBXFrameworksBuildPhase section */
		9D30B3442C9A89DF00475090 /* Frameworks */ = {
			isa = PBXFrameworksBuildPhase;
			buildActionMask = 2147483647;
			files = (
				E758913FEF39C329C0C074B5 /* Pods_HSAzimuthButton.framework in Frameworks */,
			);
			runOnlyForDeploymentPostprocessing = 0;
		};
		9D30B35F2C9A89E100475090 /* Frameworks */ = {
			isa = PBXFrameworksBuildPhase;
			buildActionMask = 2147483647;
			files = (
			);
			runOnlyForDeploymentPostprocessing = 0;
		};
		9D30B3692C9A89E100475090 /* Frameworks */ = {
			isa = PBXFrameworksBuildPhase;
			buildActionMask = 2147483647;
			files = (
			);
			runOnlyForDeploymentPostprocessing = 0;
		};
/* End PBXFrameworksBuildPhase section */

/* Begin PBXGroup section */
		3A4BFCD6ADBB32DB83200581 /* Pods */ = {
			isa = PBXGroup;
			children = (
				61BB829DFF330769BC1B4651 /* Pods-HSAzimuthButton.debug.xcconfig */,
				477D1C7B1E0435211C227DBC /* Pods-HSAzimuthButton.release.xcconfig */,
			);
			path = Pods;
			sourceTree = "<group>";
		};
		508437D5F3848743884958B0 /* Frameworks */ = {
			isa = PBXGroup;
			children = (
				95F8F680C858C83B75F01B80 /* Pods_HSAzimuthButton.framework */,
			);
			name = Frameworks;
			sourceTree = "<group>";
		};
		9D30B33E2C9A89DF00475090 = {
			isa = PBXGroup;
			children = (
				9D30B3492C9A89DF00475090 /* HSAzimuthButton */,
				9D30B3652C9A89E100475090 /* HSAzimuthButtonTests */,
				9D30B36F2C9A89E100475090 /* HSAzimuthButtonUITests */,
				9D30B3482C9A89DF00475090 /* Products */,
				3A4BFCD6ADBB32DB83200581 /* Pods */,
				508437D5F3848743884958B0 /* Frameworks */,
			);
			sourceTree = "<group>";
		};
		9D30B3482C9A89DF00475090 /* Products */ = {
			isa = PBXGroup;
			children = (
				9D30B3472C9A89DF00475090 /* HSAzimuthButton.app */,
				9D30B3622C9A89E100475090 /* HSAzimuthButtonTests.xctest */,
				9D30B36C2C9A89E100475090 /* HSAzimuthButtonUITests.xctest */,
			);
			name = Products;
			sourceTree = "<group>";
		};
		9D30B3492C9A89DF00475090 /* HSAzimuthButton */ = {
			isa = PBXGroup;
			children = (
				9D30B37F2C9A8A9500475090 /* Button */,
				9D30B34A2C9A89DF00475090 /* AppDelegate.h */,
				9D30B34B2C9A89DF00475090 /* AppDelegate.m */,
				9D30B34D2C9A89DF00475090 /* SceneDelegate.h */,
				9D30B34E2C9A89DF00475090 /* SceneDelegate.m */,
				9D30B3502C9A89DF00475090 /* ViewController.h */,
				9D30B3512C9A89DF00475090 /* ViewController.m */,
				9D30B3532C9A89DF00475090 /* Main.storyboard */,
				9D30B3562C9A89E100475090 /* Assets.xcassets */,
				9D30B3582C9A89E100475090 /* LaunchScreen.storyboard */,
				9D30B35B2C9A89E100475090 /* Info.plist */,
				9D30B35C2C9A89E100475090 /* main.m */,
			);
			path = HSAzimuthButton;
			sourceTree = "<group>";
		};
		9D30B3652C9A89E100475090 /* HSAzimuthButtonTests */ = {
			isa = PBXGroup;
			children = (
				9D30B3662C9A89E100475090 /* HSAzimuthButtonTests.m */,
			);
			path = HSAzimuthButtonTests;
			sourceTree = "<group>";
		};
		9D30B36F2C9A89E100475090 /* HSAzimuthButtonUITests */ = {
			isa = PBXGroup;
			children = (
				9D30B3702C9A89E100475090 /* HSAzimuthButtonUITests.m */,
				9D30B3722C9A89E100475090 /* HSAzimuthButtonUITestsLaunchTests.m */,
			);
			path = HSAzimuthButtonUITests;
			sourceTree = "<group>";
		};
		9D30B37F2C9A8A9500475090 /* Button */ = {
			isa = PBXGroup;
			children = (
				9D30B3802C9A8A9500475090 /* HSAzimuthButton.m */,
				9D30B3812C9A8A9500475090 /* HSAzimuthButton.h */,
			);
			path = Button;
			sourceTree = "<group>";
		};
/* End PBXGroup section */

/* Begin PBXNativeTarget section */
		9D30B3462C9A89DF00475090 /* HSAzimuthButton */ = {
			isa = PBXNativeTarget;
			buildConfigurationList = 9D30B3762C9A89E100475090 /* Build configuration list for PBXNativeTarget "HSAzimuthButton" */;
			buildPhases = (
				E89CC65845089AF58545727B /* [CP] Check Pods Manifest.lock */,
				9D30B3432C9A89DF00475090 /* Sources */,
				9D30B3442C9A89DF00475090 /* Frameworks */,
				9D30B3452C9A89DF00475090 /* Resources */,
				5118CA1DA7CA713DEE0EDCB9 /* [CP] Embed Pods Frameworks */,
			);
			buildRules = (
			);
			dependencies = (
			);
			name = HSAzimuthButton;
			productName = HSAzimuthButton;
			productReference = 9D30B3472C9A89DF00475090 /* HSAzimuthButton.app */;
			productType = "com.apple.product-type.application";
		};
		9D30B3612C9A89E100475090 /* HSAzimuthButtonTests */ = {
			isa = PBXNativeTarget;
			buildConfigurationList = 9D30B3792C9A89E100475090 /* Build configuration list for PBXNativeTarget "HSAzimuthButtonTests" */;
			buildPhases = (
				9D30B35E2C9A89E100475090 /* Sources */,
				9D30B35F2C9A89E100475090 /* Frameworks */,
				9D30B3602C9A89E100475090 /* Resources */,
			);
			buildRules = (
			);
			dependencies = (
				9D30B3642C9A89E100475090 /* PBXTargetDependency */,
			);
			name = HSAzimuthButtonTests;
			productName = HSAzimuthButtonTests;
			productReference = 9D30B3622C9A89E100475090 /* HSAzimuthButtonTests.xctest */;
			productType = "com.apple.product-type.bundle.unit-test";
		};
		9D30B36B2C9A89E100475090 /* HSAzimuthButtonUITests */ = {
			isa = PBXNativeTarget;
			buildConfigurationList = 9D30B37C2C9A89E100475090 /* Build configuration list for PBXNativeTarget "HSAzimuthButtonUITests" */;
			buildPhases = (
				9D30B3682C9A89E100475090 /* Sources */,
				9D30B3692C9A89E100475090 /* Frameworks */,
				9D30B36A2C9A89E100475090 /* Resources */,
			);
			buildRules = (
			);
			dependencies = (
				9D30B36E2C9A89E100475090 /* PBXTargetDependency */,
			);
			name = HSAzimuthButtonUITests;
			productName = HSAzimuthButtonUITests;
			productReference = 9D30B36C2C9A89E100475090 /* HSAzimuthButtonUITests.xctest */;
			productType = "com.apple.product-type.bundle.ui-testing";
		};
/* End PBXNativeTarget section */

/* Begin PBXProject section */
		9D30B33F2C9A89DF00475090 /* Project object */ = {
			isa = PBXProject;
			attributes = {
				BuildIndependentTargetsInParallel = 1;
				LastUpgradeCheck = 1500;
				TargetAttributes = {
					9D30B3462C9A89DF00475090 = {
						CreatedOnToolsVersion = 15.0.1;
					};
					9D30B3612C9A89E100475090 = {
						CreatedOnToolsVersion = 15.0.1;
						TestTargetID = 9D30B3462C9A89DF00475090;
					};
					9D30B36B2C9A89E100475090 = {
						CreatedOnToolsVersion = 15.0.1;
						TestTargetID = 9D30B3462C9A89DF00475090;
					};
				};
			};
			buildConfigurationList = 9D30B3422C9A89DF00475090 /* Build configuration list for PBXProject "HSAzimuthButton" */;
			compatibilityVersion = "Xcode 14.0";
			developmentRegion = en;
			hasScannedForEncodings = 0;
			knownRegions = (
				en,
				Base,
			);
			mainGroup = 9D30B33E2C9A89DF00475090;
			productRefGroup = 9D30B3482C9A89DF00475090 /* Products */;
			projectDirPath = "";
			projectRoot = "";
			targets = (
				9D30B3462C9A89DF00475090 /* HSAzimuthButton */,
				9D30B3612C9A89E100475090 /* HSAzimuthButtonTests */,
				9D30B36B2C9A89E100475090 /* HSAzimuthButtonUITests */,
			);
		};
/* End PBXProject section */

/* Begin PBXResourcesBuildPhase section */
		9D30B3452C9A89DF00475090 /* Resources */ = {
			isa = PBXResourcesBuildPhase;
			buildActionMask = 2147483647;
			files = (
				9D30B35A2C9A89E100475090 /* LaunchScreen.storyboard in Resources */,
				9D30B3572C9A89E100475090 /* Assets.xcassets in Resources */,
				9D30B3552C9A89DF00475090 /* Main.storyboard in Resources */,
			);
			runOnlyForDeploymentPostprocessing = 0;
		};
		9D30B3602C9A89E100475090 /* Resources */ = {
			isa = PBXResourcesBuildPhase;
			buildActionMask = 2147483647;
			files = (
			);
			runOnlyForDeploymentPostprocessing = 0;
		};
		9D30B36A2C9A89E100475090 /* Resources */ = {
			isa = PBXResourcesBuildPhase;
			buildActionMask = 2147483647;
			files = (
			);
			runOnlyForDeploymentPostprocessing = 0;
		};
/* End PBXResourcesBuildPhase section */

/* Begin PBXShellScriptBuildPhase section */
		5118CA1DA7CA713DEE0EDCB9 /* [CP] Embed Pods Frameworks */ = {
			isa = PBXShellScriptBuildPhase;
			buildActionMask = 2147483647;
			files = (
			);
			inputFileListPaths = (
				"${PODS_ROOT}/Target Support Files/Pods-HSAzimuthButton/Pods-HSAzimuthButton-frameworks-${CONFIGURATION}-input-files.xcfilelist",
			);
			name = "[CP] Embed Pods Frameworks";
			outputFileListPaths = (
				"${PODS_ROOT}/Target Support Files/Pods-HSAzimuthButton/Pods-HSAzimuthButton-frameworks-${CONFIGURATION}-output-files.xcfilelist",
			);
			runOnlyForDeploymentPostprocessing = 0;
			shellPath = /bin/sh;
			shellScript = "\"${PODS_ROOT}/Target Support Files/Pods-HSAzimuthButton/Pods-HSAzimuthButton-frameworks.sh\"\n";
			showEnvVarsInLog = 0;
		};
		E89CC65845089AF58545727B /* [CP] Check Pods Manifest.lock */ = {
			isa = PBXShellScriptBuildPhase;
			buildActionMask = 2147483647;
			files = (
			);
			inputFileListPaths = (
			);
			inputPaths = (
				"${PODS_PODFILE_DIR_PATH}/Podfile.lock",
				"${PODS_ROOT}/Manifest.lock",
			);
			name = "[CP] Check Pods Manifest.lock";
			outputFileListPaths = (
			);
			outputPaths = (
				"$(DERIVED_FILE_DIR)/Pods-HSAzimuthButton-checkManifestLockResult.txt",
			);
			runOnlyForDeploymentPostprocessing = 0;
			shellPath = /bin/sh;
			shellScript = "diff \"${PODS_PODFILE_DIR_PATH}/Podfile.lock\" \"${PODS_ROOT}/Manifest.lock\" > /dev/null\nif [ $? != 0 ] ; then\n    # print error to STDERR\n    echo \"error: The sandbox is not in sync with the Podfile.lock. Run 'pod install' or update your CocoaPods installation.\" >&2\n    exit 1\nfi\n# This output is used by Xcode 'outputs' to avoid re-running this script phase.\necho \"SUCCESS\" > \"${SCRIPT_OUTPUT_FILE_0}\"\n";
			showEnvVarsInLog = 0;
		};
/* End PBXShellScriptBuildPhase section */

/* Begin PBXSourcesBuildPhase section */
		9D30B3432C9A89DF00475090 /* Sources */ = {
			isa = PBXSourcesBuildPhase;
			buildActionMask = 2147483647;
			files = (
				9D30B3522C9A89DF00475090 /* ViewController.m in Sources */,
				9D30B3822C9A8A9500475090 /* HSAzimuthButton.m in Sources */,
				9D30B34C2C9A89DF00475090 /* AppDelegate.m in Sources */,
				9D30B35D2C9A89E100475090 /* main.m in Sources */,
				9D30B34F2C9A89DF00475090 /* SceneDelegate.m in Sources */,
			);
			runOnlyForDeploymentPostprocessing = 0;
		};
		9D30B35E2C9A89E100475090 /* Sources */ = {
			isa = PBXSourcesBuildPhase;
			buildActionMask = 2147483647;
			files = (
				9D30B3672C9A89E100475090 /* HSAzimuthButtonTests.m in Sources */,
			);
			runOnlyForDeploymentPostprocessing = 0;
		};
		9D30B3682C9A89E100475090 /* Sources */ = {
			isa = PBXSourcesBuildPhase;
			buildActionMask = 2147483647;
			files = (
				9D30B3732C9A89E100475090 /* HSAzimuthButtonUITestsLaunchTests.m in Sources */,
				9D30B3712C9A89E100475090 /* HSAzimuthButtonUITests.m in Sources */,
			);
			runOnlyForDeploymentPostprocessing = 0;
		};
/* End PBXSourcesBuildPhase section */

/* Begin PBXTargetDependency section */
		9D30B3642C9A89E100475090 /* PBXTargetDependency */ = {
			isa = PBXTargetDependency;
			target = 9D30B3462C9A89DF00475090 /* HSAzimuthButton */;
			targetProxy = 9D30B3632C9A89E100475090 /* PBXContainerItemProxy */;
		};
		9D30B36E2C9A89E100475090 /* PBXTargetDependency */ = {
			isa = PBXTargetDependency;
			target = 9D30B3462C9A89DF00475090 /* HSAzimuthButton */;
			targetProxy = 9D30B36D2C9A89E100475090 /* PBXContainerItemProxy */;
		};
/* End PBXTargetDependency section */

/* Begin PBXVariantGroup section */
		9D30B3532C9A89DF00475090 /* Main.storyboard */ = {
			isa = PBXVariantGroup;
			children = (
				9D30B3542C9A89DF00475090 /* Base */,
			);
			name = Main.storyboard;
			sourceTree = "<group>";
		};
		9D30B3582C9A89E100475090 /* LaunchScreen.storyboard */ = {
			isa = PBXVariantGroup;
			children = (
				9D30B3592C9A89E100475090 /* Base */,
			);
			name = LaunchScreen.storyboard;
			sourceTree = "<group>";
		};
/* End PBXVariantGroup section */

/* Begin XCBuildConfiguration section */
		9D30B3742C9A89E100475090 /* Debug */ = {
			isa = XCBuildConfiguration;
			buildSettings = {
				ALWAYS_SEARCH_USER_PATHS = NO;
				ASSETCATALOG_COMPILER_GENERATE_SWIFT_ASSET_SYMBOL_EXTENSIONS = YES;
				CLANG_ANALYZER_NONNULL = YES;
				CLANG_ANALYZER_NUMBER_OBJECT_CONVERSION = YES_AGGRESSIVE;
				CLANG_CXX_LANGUAGE_STANDARD = "gnu++20";
				CLANG_ENABLE_MODULES = YES;
				CLANG_ENABLE_OBJC_ARC = YES;
				CLANG_ENABLE_OBJC_WEAK = YES;
				CLANG_WARN_BLOCK_CAPTURE_AUTORELEASING = YES;
				CLANG_WARN_BOOL_CONVERSION = YES;
				CLANG_WARN_COMMA = YES;
				CLANG_WARN_CONSTANT_CONVERSION = YES;
				CLANG_WARN_DEPRECATED_OBJC_IMPLEMENTATIONS = YES;
				CLANG_WARN_DIRECT_OBJC_ISA_USAGE = YES_ERROR;
				CLANG_WARN_DOCUMENTATION_COMMENTS = YES;
				CLANG_WARN_EMPTY_BODY = YES;
				CLANG_WARN_ENUM_CONVERSION = YES;
				CLANG_WARN_INFINITE_RECURSION = YES;
				CLANG_WARN_INT_CONVERSION = YES;
				CLANG_WARN_NON_LITERAL_NULL_CONVERSION = YES;
				CLANG_WARN_OBJC_IMPLICIT_RETAIN_SELF = YES;
				CLANG_WARN_OBJC_LITERAL_CONVERSION = YES;
				CLANG_WARN_OBJC_ROOT_CLASS = YES_ERROR;
				CLANG_WARN_QUOTED_INCLUDE_IN_FRAMEWORK_HEADER = YES;
				CLANG_WARN_RANGE_LOOP_ANALYSIS = YES;
				CLANG_WARN_STRICT_PROTOTYPES = YES;
				CLANG_WARN_SUSPICIOUS_MOVE = YES;
				CLANG_WARN_UNGUARDED_AVAILABILITY = YES_AGGRESSIVE;
				CLANG_WARN_UNREACHABLE_CODE = YES;
				CLANG_WARN__DUPLICATE_METHOD_MATCH = YES;
				COPY_PHASE_STRIP = NO;
				DEBUG_INFORMATION_FORMAT = dwarf;
				ENABLE_STRICT_OBJC_MSGSEND = YES;
				ENABLE_TESTABILITY = YES;
				ENABLE_USER_SCRIPT_SANDBOXING = NO;
				GCC_C_LANGUAGE_STANDARD = gnu17;
				GCC_DYNAMIC_NO_PIC = NO;
				GCC_NO_COMMON_BLOCKS = YES;
				GCC_OPTIMIZATION_LEVEL = 0;
				GCC_PREPROCESSOR_DEFINITIONS = (
					"DEBUG=1",
					"$(inherited)",
				);
				GCC_WARN_64_TO_32_BIT_CONVERSION = YES;
				GCC_WARN_ABOUT_RETURN_TYPE = YES_ERROR;
				GCC_WARN_UNDECLARED_SELECTOR = YES;
				GCC_WARN_UNINITIALIZED_AUTOS = YES_AGGRESSIVE;
				GCC_WARN_UNUSED_FUNCTION = YES;
				GCC_WARN_UNUSED_VARIABLE = YES;
				IPHONEOS_DEPLOYMENT_TARGET = 13.0;
				LOCALIZATION_PREFERS_STRING_CATALOGS = YES;
				MTL_ENABLE_DEBUG_INFO = INCLUDE_SOURCE;
				MTL_FAST_MATH = YES;
				ONLY_ACTIVE_ARCH = YES;
				SDKROOT = iphoneos;
			};
			name = Debug;
		};
		9D30B3752C9A89E100475090 /* Release */ = {
			isa = XCBuildConfiguration;
			buildSettings = {
				ALWAYS_SEARCH_USER_PATHS = NO;
				ASSETCATALOG_COMPILER_GENERATE_SWIFT_ASSET_SYMBOL_EXTENSIONS = YES;
				CLANG_ANALYZER_NONNULL = YES;
				CLANG_ANALYZER_NUMBER_OBJECT_CONVERSION = YES_AGGRESSIVE;
				CLANG_CXX_LANGUAGE_STANDARD = "gnu++20";
				CLANG_ENABLE_MODULES = YES;
				CLANG_ENABLE_OBJC_ARC = YES;
				CLANG_ENABLE_OBJC_WEAK = YES;
				CLANG_WARN_BLOCK_CAPTURE_AUTORELEASING = YES;
				CLANG_WARN_BOOL_CONVERSION = YES;
				CLANG_WARN_COMMA = YES;
				CLANG_WARN_CONSTANT_CONVERSION = YES;
				CLANG_WARN_DEPRECATED_OBJC_IMPLEMENTATIONS = YES;
				CLANG_WARN_DIRECT_OBJC_ISA_USAGE = YES_ERROR;
				CLANG_WARN_DOCUMENTATION_COMMENTS = YES;
				CLANG_WARN_EMPTY_BODY = YES;
				CLANG_WARN_ENUM_CONVERSION = YES;
				CLANG_WARN_INFINITE_RECURSION = YES;
				CLANG_WARN_INT_CONVERSION = YES;
				CLANG_WARN_NON_LITERAL_NULL_CONVERSION = YES;
				CLANG_WARN_OBJC_IMPLICIT_RETAIN_SELF = YES;
				CLANG_WARN_OBJC_LITERAL_CONVERSION = YES;
				CLANG_WARN_OBJC_ROOT_CLASS = YES_ERROR;
				CLANG_WARN_QUOTED_INCLUDE_IN_FRAMEWORK_HEADER = YES;
				CLANG_WARN_RANGE_LOOP_ANALYSIS = YES;
				CLANG_WARN_STRICT_PROTOTYPES = YES;
				CLANG_WARN_SUSPICIOUS_MOVE = YES;
				CLANG_WARN_UNGUARDED_AVAILABILITY = YES_AGGRESSIVE;
				CLANG_WARN_UNREACHABLE_CODE = YES;
				CLANG_WARN__DUPLICATE_METHOD_MATCH = YES;
				COPY_PHASE_STRIP = NO;
				DEBUG_INFORMATION_FORMAT = "dwarf-with-dsym";
				ENABLE_NS_ASSERTIONS = NO;
				ENABLE_STRICT_OBJC_MSGSEND = YES;
				ENABLE_USER_SCRIPT_SANDBOXING = NO;
				GCC_C_LANGUAGE_STANDARD = gnu17;
				GCC_NO_COMMON_BLOCKS = YES;
				GCC_WARN_64_TO_32_BIT_CONVERSION = YES;
				GCC_WARN_ABOUT_RETURN_TYPE = YES_ERROR;
				GCC_WARN_UNDECLARED_SELECTOR = YES;
				GCC_WARN_UNINITIALIZED_AUTOS = YES_AGGRESSIVE;
				GCC_WARN_UNUSED_FUNCTION = YES;
				GCC_WARN_UNUSED_VARIABLE = YES;
				IPHONEOS_DEPLOYMENT_TARGET = 13.0;
				LOCALIZATION_PREFERS_STRING_CATALOGS = YES;
				MTL_ENABLE_DEBUG_INFO = NO;
				MTL_FAST_MATH = YES;
				SDKROOT = iphoneos;
				VALIDATE_PRODUCT = YES;
			};
			name = Release;
		};
		9D30B3772C9A89E100475090 /* Debug */ = {
			isa = XCBuildConfiguration;
			baseConfigurationReference = 61BB829DFF330769BC1B4651 /* Pods-HSAzimuthButton.debug.xcconfig */;
			buildSettings = {
				ASSETCATALOG_COMPILER_APPICON_NAME = AppIcon;
				ASSETCATALOG_COMPILER_GLOBAL_ACCENT_COLOR_NAME = AccentColor;
				"CODE_SIGN_IDENTITY[sdk=iphoneos*]" = "iPhone Developer";
				CODE_SIGN_STYLE = Manual;
				CURRENT_PROJECT_VERSION = 1;
				DEVELOPMENT_TEAM = "";
				"DEVELOPMENT_TEAM[sdk=iphoneos*]" = G89JX86Z9W;
				GENERATE_INFOPLIST_FILE = YES;
				INFOPLIST_FILE = HSAzimuthButton/Info.plist;
				INFOPLIST_KEY_UIApplicationSupportsIndirectInputEvents = YES;
				INFOPLIST_KEY_UILaunchStoryboardName = LaunchScreen;
				INFOPLIST_KEY_UIMainStoryboardFile = Main;
				INFOPLIST_KEY_UISupportedInterfaceOrientations = UIInterfaceOrientationPortrait;
				INFOPLIST_KEY_UISupportedInterfaceOrientations_iPad = "UIInterfaceOrientationLandscapeLeft UIInterfaceOrientationLandscapeRight UIInterfaceOrientationPortrait UIInterfaceOrientationPortraitUpsideDown";
				IPHONEOS_DEPLOYMENT_TARGET = 13.0;
				LD_RUNPATH_SEARCH_PATHS = (
					"$(inherited)",
					"@executable_path/Frameworks",
				);
				MARKETING_VERSION = 1.0;
				PRODUCT_BUNDLE_IDENTIFIER = com.HSAzimuthButton.cn.HSAzimuthButton;
				PRODUCT_NAME = "$(TARGET_NAME)";
				PROVISIONING_PROFILE_SPECIFIER = "";
				"PROVISIONING_PROFILE_SPECIFIER[sdk=iphoneos*]" = TongYongNoSub;
				SUPPORTED_PLATFORMS = "iphoneos iphonesimulator";
				SUPPORTS_MACCATALYST = NO;
				SWIFT_EMIT_LOC_STRINGS = YES;
				TARGETED_DEVICE_FAMILY = 1;
			};
			name = Debug;
		};
		9D30B3782C9A89E100475090 /* Release */ = {
			isa = XCBuildConfiguration;
			baseConfigurationReference = 477D1C7B1E0435211C227DBC /* Pods-HSAzimuthButton.release.xcconfig */;
			buildSettings = {
				ASSETCATALOG_COMPILER_APPICON_NAME = AppIcon;
				ASSETCATALOG_COMPILER_GLOBAL_ACCENT_COLOR_NAME = AccentColor;
				"CODE_SIGN_IDENTITY[sdk=iphoneos*]" = "iPhone Developer";
				CODE_SIGN_STYLE = Manual;
				CURRENT_PROJECT_VERSION = 1;
				DEVELOPMENT_TEAM = "";
				"DEVELOPMENT_TEAM[sdk=iphoneos*]" = G89JX86Z9W;
				GENERATE_INFOPLIST_FILE = YES;
				INFOPLIST_FILE = HSAzimuthButton/Info.plist;
				INFOPLIST_KEY_UIApplicationSupportsIndirectInputEvents = YES;
				INFOPLIST_KEY_UILaunchStoryboardName = LaunchScreen;
				INFOPLIST_KEY_UIMainStoryboardFile = Main;
				INFOPLIST_KEY_UISupportedInterfaceOrientations = UIInterfaceOrientationPortrait;
				INFOPLIST_KEY_UISupportedInterfaceOrientations_iPad = "UIInterfaceOrientationLandscapeLeft UIInterfaceOrientationLandscapeRight UIInterfaceOrientationPortrait UIInterfaceOrientationPortraitUpsideDown";
				IPHONEOS_DEPLOYMENT_TARGET = 13.0;
				LD_RUNPATH_SEARCH_PATHS = (
					"$(inherited)",
					"@executable_path/Frameworks",
				);
				MARKETING_VERSION = 1.0;
				PRODUCT_BUNDLE_IDENTIFIER = com.HSAzimuthButton.cn.HSAzimuthButton;
				PRODUCT_NAME = "$(TARGET_NAME)";
				PROVISIONING_PROFILE_SPECIFIER = "";
				"PROVISIONING_PROFILE_SPECIFIER[sdk=iphoneos*]" = TongYongNoSub;
				SUPPORTED_PLATFORMS = "iphoneos iphonesimulator";
				SUPPORTS_MACCATALYST = NO;
				SWIFT_EMIT_LOC_STRINGS = YES;
				TARGETED_DEVICE_FAMILY = 1;
			};
			name = Release;
		};
		9D30B37A2C9A89E100475090 /* Debug */ = {
			isa = XCBuildConfiguration;
			buildSettings = {
				BUNDLE_LOADER = "$(TEST_HOST)";
				CODE_SIGN_STYLE = Automatic;
				CURRENT_PROJECT_VERSION = 1;
				DEVELOPMENT_TEAM = FHT7Q257ZW;
				GENERATE_INFOPLIST_FILE = YES;
				IPHONEOS_DEPLOYMENT_TARGET = 13.0;
				MARKETING_VERSION = 1.0;
				PRODUCT_BUNDLE_IDENTIFIER = com.HSAzimuthButton.cn.HSAzimuthButtonTests;
				PRODUCT_NAME = "$(TARGET_NAME)";
				SWIFT_EMIT_LOC_STRINGS = NO;
				TARGETED_DEVICE_FAMILY = "1,2";
				TEST_HOST = "$(BUILT_PRODUCTS_DIR)/HSAzimuthButton.app/$(BUNDLE_EXECUTABLE_FOLDER_PATH)/HSAzimuthButton";
			};
			name = Debug;
		};
		9D30B37B2C9A89E100475090 /* Release */ = {
			isa = XCBuildConfiguration;
			buildSettings = {
				BUNDLE_LOADER = "$(TEST_HOST)";
				CODE_SIGN_STYLE = Automatic;
				CURRENT_PROJECT_VERSION = 1;
				DEVELOPMENT_TEAM = FHT7Q257ZW;
				GENERATE_INFOPLIST_FILE = YES;
				IPHONEOS_DEPLOYMENT_TARGET = 13.0;
				MARKETING_VERSION = 1.0;
				PRODUCT_BUNDLE_IDENTIFIER = com.HSAzimuthButton.cn.HSAzimuthButtonTests;
				PRODUCT_NAME = "$(TARGET_NAME)";
				SWIFT_EMIT_LOC_STRINGS = NO;
				TARGETED_DEVICE_FAMILY = "1,2";
				TEST_HOST = "$(BUILT_PRODUCTS_DIR)/HSAzimuthButton.app/$(BUNDLE_EXECUTABLE_FOLDER_PATH)/HSAzimuthButton";
			};
			name = Release;
		};
		9D30B37D2C9A89E100475090 /* Debug */ = {
			isa = XCBuildConfiguration;
			buildSettings = {
				CODE_SIGN_STYLE = Automatic;
				CURRENT_PROJECT_VERSION = 1;
				DEVELOPMENT_TEAM = FHT7Q257ZW;
				GENERATE_INFOPLIST_FILE = YES;
				MARKETING_VERSION = 1.0;
				PRODUCT_BUNDLE_IDENTIFIER = com.HSAzimuthButton.cn.HSAzimuthButtonUITests;
				PRODUCT_NAME = "$(TARGET_NAME)";
				SWIFT_EMIT_LOC_STRINGS = NO;
				TARGETED_DEVICE_FAMILY = "1,2";
				TEST_TARGET_NAME = HSAzimuthButton;
			};
			name = Debug;
		};
		9D30B37E2C9A89E100475090 /* Release */ = {
			isa = XCBuildConfiguration;
			buildSettings = {
				CODE_SIGN_STYLE = Automatic;
				CURRENT_PROJECT_VERSION = 1;
				DEVELOPMENT_TEAM = FHT7Q257ZW;
				GENERATE_INFOPLIST_FILE = YES;
				MARKETING_VERSION = 1.0;
				PRODUCT_BUNDLE_IDENTIFIER = com.HSAzimuthButton.cn.HSAzimuthButtonUITests;
				PRODUCT_NAME = "$(TARGET_NAME)";
				SWIFT_EMIT_LOC_STRINGS = NO;
				TARGETED_DEVICE_FAMILY = "1,2";
				TEST_TARGET_NAME = HSAzimuthButton;
			};
			name = Release;
		};
/* End XCBuildConfiguration section */

/* Begin XCConfigurationList section */
		9D30B3422C9A89DF00475090 /* Build configuration list for PBXProject "HSAzimuthButton" */ = {
			isa = XCConfigurationList;
			buildConfigurations = (
				9D30B3742C9A89E100475090 /* Debug */,
				9D30B3752C9A89E100475090 /* Release */,
			);
			defaultConfigurationIsVisible = 0;
			defaultConfigurationName = Release;
		};
		9D30B3762C9A89E100475090 /* Build configuration list for PBXNativeTarget "HSAzimuthButton" */ = {
			isa = XCConfigurationList;
			buildConfigurations = (
				9D30B3772C9A89E100475090 /* Debug */,
				9D30B3782C9A89E100475090 /* Release */,
			);
			defaultConfigurationIsVisible = 0;
			defaultConfigurationName = Release;
		};
		9D30B3792C9A89E100475090 /* Build configuration list for PBXNativeTarget "HSAzimuthButtonTests" */ = {
			isa = XCConfigurationList;
			buildConfigurations = (
				9D30B37A2C9A89E100475090 /* Debug */,
				9D30B37B2C9A89E100475090 /* Release */,
			);
			defaultConfigurationIsVisible = 0;
			defaultConfigurationName = Release;
		};
		9D30B37C2C9A89E100475090 /* Build configuration list for PBXNativeTarget "HSAzimuthButtonUITests" */ = {
			isa = XCConfigurationList;
			buildConfigurations = (
				9D30B37D2C9A89E100475090 /* Debug */,
				9D30B37E2C9A89E100475090 /* Release */,
			);
			defaultConfigurationIsVisible = 0;
			defaultConfigurationName = Release;
		};
/* End XCConfigurationList section */
	};
	rootObject = 9D30B33F2C9A89DF00475090 /* Project object */;
}
